<?xml version="1.0" encoding="utf-8"?>
<Project ToolsVersion="4.0" xmlns="http://schemas.microsoft.com/developer/msbuild/2003">
  <ItemGroup>
    <Filter Include="Source Files">
      <UniqueIdentifier>{b92e77c0-0c19-4232-b527-b92d163e8f85}</UniqueIdentifier>
      <Extensions>cpp;c;cxx;rc;def;r;odl;idl;hpj;bat</Extensions>
    </Filter>
    <Filter Include="Header Files">
      <UniqueIdentifier>{3965bcee-c821-4b2c-a5df-99b4f75d7faf}</UniqueIdentifier>
      <Extensions>h;hpp;hxx;hm;inl</Extensions>
    </Filter>
  </ItemGroup>
  <ItemGroup>
    <ClCompile Include="AodFormat.cpp">
      <Filter>Source Files</Filter>
    </ClCompile>
    <ClCompile Include="AodInput.cpp">
      <Filter>Source Files</Filter>
    </ClCompile>
    <ClCompile Include="AodOutput.cpp">
      <Filter>Source Files</Filter>
    </ClCompile>
    <ClCompile Include="BoundingBox.cpp">
      <Filter>Source Files</Filter>
    </ClCompile>
    <ClCompile Include="BRep.cpp">
      <Filter>Source Files</Filter>
    </ClCompile>
    <ClCompile Include="BspFormat.cpp">
      <Filter>Source Files</Filter>
    </ClCompile>
    <ClCompile Include="BspInput.cpp">
      <Filter>Source Files</Filter>
    </ClCompile>
    <ClCompile Include="BSPNode.cpp">
      <Filter>Source Files</Filter>
    </ClCompile>
    <ClCompile Include="BspObject.cpp">
      <Filter>Source Files</Filter>
    </ClCompile>
    <ClCompile Include="BspObjectList.cpp">
      <Filter>Source Files</Filter>
    </ClCompile>
    <ClCompile Include="BspOutput.cpp">
      <Filter>Source Files</Filter>
    </ClCompile>
    <ClCompile Include="BspTool.cpp">
      <Filter>Source Files</Filter>
    </ClCompile>
    <ClCompile Include="BSPTree.cpp">
      <Filter>Source Files</Filter>
    </ClCompile>
    <ClCompile Include="EpsAreas.cpp">
      <Filter>Source Files</Filter>
    </ClCompile>
    <ClCompile Include="Face.cpp">
      <Filter>Source Files</Filter>
    </ClCompile>
    <ClCompile Include="InputData3D.cpp">
      <Filter>Source Files</Filter>
    </ClCompile>
    <ClCompile Include="IOData3D.cpp">
      <Filter>Source Files</Filter>
    </ClCompile>
    <ClCompile Include="LineSeg.cpp">
      <Filter>Source Files</Filter>
    </ClCompile>
    <ClCompile Include="Mapping.cpp">
      <Filter>Source Files</Filter>
    </ClCompile>
    <ClCompile Include="ObjectAodFormat.cpp">
      <Filter>Source Files</Filter>
    </ClCompile>
    <ClCompile Include="ObjectBinFormat.cpp">
      <Filter>Source Files</Filter>
    </ClCompile>
    <ClCompile Include="ObjectBspFormat.cpp">
      <Filter>Source Files</Filter>
    </ClCompile>
    <ClCompile Include="ObjectBSPNode.cpp">
      <Filter>Source Files</Filter>
    </ClCompile>
    <ClCompile Include="OutputData3D.cpp">
      <Filter>Source Files</Filter>
    </ClCompile>
    <ClCompile Include="Polygon.cpp">
      <Filter>Source Files</Filter>
    </ClCompile>
    <ClCompile Include="PolygonList.cpp">
      <Filter>Source Files</Filter>
    </ClCompile>
    <ClCompile Include="SingleFormat.cpp">
      <Filter>Source Files</Filter>
    </ClCompile>
    <ClCompile Include="SingleInput.cpp">
      <Filter>Source Files</Filter>
    </ClCompile>
    <ClCompile Include="SingleOutput.cpp">
      <Filter>Source Files</Filter>
    </ClCompile>
    <ClCompile Include="SystemIO.cpp">
      <Filter>Source Files</Filter>
    </ClCompile>
    <ClCompile Include="Texture.cpp">
      <Filter>Source Files</Filter>
    </ClCompile>
    <ClCompile Include="Transform2.cpp">
      <Filter>Source Files</Filter>
    </ClCompile>
    <ClCompile Include="Transform3.cpp">
      <Filter>Source Files</Filter>
    </ClCompile>
    <ClCompile Include="TriMapping.cpp">
      <Filter>Source Files</Filter>
    </ClCompile>
    <ClCompile Include="Vertex.cpp">
      <Filter>Source Files</Filter>
    </ClCompile>
    <ClCompile Include="VertexChunk.cpp">
      <Filter>Source Files</Filter>
    </ClCompile>
    <ClCompile Include="VrmlFile.cpp">
      <Filter>Source Files</Filter>
    </ClCompile>
  </ItemGroup>
  <ItemGroup>
    <ClInclude Include="AodFormat.h">
      <Filter>Header Files</Filter>
    </ClInclude>
    <ClInclude Include="AodInput.h">
      <Filter>Header Files</Filter>
    </ClInclude>
    <ClInclude Include="AodOutput.h">
      <Filter>Header Files</Filter>
    </ClInclude>
    <ClInclude Include="BoundingBox.h">
      <Filter>Header Files</Filter>
    </ClInclude>
    <ClInclude Include="BRep.h">
      <Filter>Header Files</Filter>
    </ClInclude>
    <ClInclude Include="BspFormat.h">
      <Filter>Header Files</Filter>
    </ClInclude>
    <ClInclude Include="BspInput.h">
      <Filter>Header Files</Filter>
    </ClInclude>
    <ClInclude Include="BspLibDefs.h">
      <Filter>Header Files</Filter>
    </ClInclude>
    <ClInclude Include="BSPNode.h">
      <Filter>Header Files</Filter>
    </ClInclude>
    <ClInclude Include="BspObject.h">
      <Filter>Header Files</Filter>
    </ClInclude>
    <ClInclude Include="BspObjectList.h">
      <Filter>Header Files</Filter>
    </ClInclude>
    <ClInclude Include="BspOutput.h">
      <Filter>Header Files</Filter>
    </ClInclude>
    <ClInclude Include="BspTool.h">
      <Filter>Header Files</Filter>
    </ClInclude>
    <ClInclude Include="BSPTree.h">
      <Filter>Header Files</Filter>
    </ClInclude>
    <ClInclude Include="Chunk.h">
      <Filter>Header Files</Filter>
    </ClInclude>
    <ClInclude Include="Debug.h">
      <Filter>Header Files</Filter>
    </ClInclude>
    <ClInclude Include="Face.h">
      <Filter>Header Files</Filter>
    </ClInclude>
    <ClInclude Include="InputData3D.h">
      <Filter>Header Files</Filter>
    </ClInclude>
    <ClInclude Include="IOData3D.h">
      <Filter>Header Files</Filter>
    </ClInclude>
    <ClInclude Include="LineSeg2.h">
      <Filter>Header Files</Filter>
    </ClInclude>
    <ClInclude Include="LineSeg3.h">
      <Filter>Header Files</Filter>
    </ClInclude>
    <ClInclude Include="Mapping.h">
      <Filter>Header Files</Filter>
    </ClInclude>
    <ClInclude Include="Material.h">
      <Filter>Header Files</Filter>
    </ClInclude>
    <ClInclude Include="ObjectAodFormat.h">
      <Filter>Header Files</Filter>
    </ClInclude>
    <ClInclude Include="ObjectBinFormat.h">
      <Filter>Header Files</Filter>
    </ClInclude>
    <ClInclude Include="ObjectBspFormat.h">
      <Filter>Header Files</Filter>
    </ClInclude>
    <ClInclude Include="ObjectBSPNode.h">
      <Filter>Header Files</Filter>
    </ClInclude>
    <ClInclude Include="ObjectBSPTree.h">
      <Filter>Header Files</Filter>
    </ClInclude>
    <ClInclude Include="OutputData3D.h">
      <Filter>Header Files</Filter>
    </ClInclude>
    <ClInclude Include="Plane.h">
      <Filter>Header Files</Filter>
    </ClInclude>
    <ClInclude Include="Polygon.h">
      <Filter>Header Files</Filter>
    </ClInclude>
    <ClInclude Include="PolygonList.h">
      <Filter>Header Files</Filter>
    </ClInclude>
    <ClInclude Include="SingleFormat.h">
      <Filter>Header Files</Filter>
    </ClInclude>
    <ClInclude Include="SingleInput.h">
      <Filter>Header Files</Filter>
    </ClInclude>
    <ClInclude Include="SingleOutput.h">
      <Filter>Header Files</Filter>
    </ClInclude>
    <ClInclude Include="SystemIO.h">
      <Filter>Header Files</Filter>
    </ClInclude>
    <ClInclude Include="Texture.h">
      <Filter>Header Files</Filter>
    </ClInclude>
    <ClInclude Include="Transform2.h">
      <Filter>Header Files</Filter>
    </ClInclude>
    <ClInclude Include="Transform3.h">
      <Filter>Header Files</Filter>
    </ClInclude>
    <ClInclude Include="TriMapping.h">
      <Filter>Header Files</Filter>
    </ClInclude>
    <ClInclude Include="Vector.h">
      <Filter>Header Files</Filter>
    </ClInclude>
    <ClInclude Include="Vector2.h">
      <Filter>Header Files</Filter>
    </ClInclude>
    <ClInclude Include="Vector3.h">
      <Filter>Header Files</Filter>
    </ClInclude>
    <ClInclude Include="Vertex.h">
      <Filter>Header Files</Filter>
    </ClInclude>
    <ClInclude Include="Vertex2.h">
      <Filter>Header Files</Filter>
    </ClInclude>
    <ClInclude Include="Vertex3.h">
      <Filter>Header Files</Filter>
    </ClInclude>
    <ClInclude Include="VertexChunk.h">
      <Filter>Header Files</Filter>
    </ClInclude>
    <ClInclude Include="VrmlFile.h">
      <Filter>Header Files</Filter>
    </ClInclude>
  </ItemGroup>
</Project>